// !$*UTF8*$!
{
	archiveVersion = 1;
	classes = {
	};
	objectVersion = 50;
	objects = {

/* Begin PBXBuildFile section */
		2B1C81E0245678750030298F /* AppDelegate.swift in Sources */ = {isa = PBXBuildFile; fileRef = 2B1C81DF245678750030298F /* AppDelegate.swift */; };
		2B1C81E2245678750030298F /* SceneDelegate.swift in Sources */ = {isa = PBXBuildFile; fileRef = 2B1C81E1245678750030298F /* SceneDelegate.swift */; };
		2B1C81E4245678750030298F /* ViewController.swift in Sources */ = {isa = PBXBuildFile; fileRef = 2B1C81E3245678750030298F /* ViewController.swift */; };
		2B1C81E7245678750030298F /* Main.storyboard in Resources */ = {isa = PBXBuildFile; fileRef = 2B1C81E5245678750030298F /* Main.storyboard */; };
		2B1C81E9245678760030298F /* Assets.xcassets in Resources */ = {isa = PBXBuildFile; fileRef = 2B1C81E8245678760030298F /* Assets.xcassets */; };
		2B1C81EC245678760030298F /* LaunchScreen.storyboard in Resources */ = {isa = PBXBuildFile; fileRef = 2B1C81EA245678760030298F /* LaunchScreen.storyboard */; };
		2B1C81F7245678760030298F /* SO_61449278Tests.swift in Sources */ = {isa = PBXBuildFile; fileRef = 2B1C81F6245678760030298F /* SO_61449278Tests.swift */; };
		2B1C8202245678C30030298F /* WeatherData.swift in Sources */ = {isa = PBXBuildFile; fileRef = 2B1C8201245678C30030298F /* WeatherData.swift */; };
		2B1C8204245678F20030298F /* WeatherDataProtocol.swift in Sources */ = {isa = PBXBuildFile; fileRef = 2B1C8203245678F20030298F /* WeatherDataProtocol.swift */; };
/* End PBXBuildFile section */

/* Begin PBXContainerItemProxy section */
		2B1C81F3245678760030298F /* PBXContainerItemProxy */ = {
			isa = PBXContainerItemProxy;
			containerPortal = 2B1C81D4245678750030298F /* Project object */;
			proxyType = 1;
			remoteGlobalIDString = 2B1C81DB245678750030298F;
			remoteInfo = "SO 61449278";
		};
/* End PBXContainerItemProxy section */

/* Begin PBXFileReference section */
		2B1C81DC245678750030298F /* SO 61449278.app */ = {isa = PBXFileReference; explicitFileType = wrapper.application; includeInIndex = 0; path = "SO 61449278.app"; sourceTree = BUILT_PRODUCTS_DIR; };
		2B1C81DF245678750030298F /* AppDelegate.swift */ = {isa = PBXFileReference; lastKnownFileType = sourcecode.swift; path = AppDelegate.swift; sourceTree = "<group>"; };
		2B1C81E1245678750030298F /* SceneDelegate.swift */ = {isa = PBXFileReference; lastKnownFileType = sourcecode.swift; path = SceneDelegate.swift; sourceTree = "<group>"; };
		2B1C81E3245678750030298F /* ViewController.swift */ = {isa = PBXFileReference; lastKnownFileType = sourcecode.swift; path = ViewController.swift; sourceTree = "<group>"; };
		2B1C81E6245678750030298F /* Base */ = {isa = PBXFileReference; lastKnownFileType = file.storyboard; name = Base; path = Base.lproj/Main.storyboard; sourceTree = "<group>"; };
		2B1C81E8245678760030298F /* Assets.xcassets */ = {isa = PBXFileReference; lastKnownFileType = folder.assetcatalog; path = Assets.xcassets; sourceTree = "<group>"; };
		2B1C81EB245678760030298F /* Base */ = {isa = PBXFileReference; lastKnownFileType = file.storyboard; name = Base; path = Base.lproj/LaunchScreen.storyboard; sourceTree = "<group>"; };
		2B1C81ED245678760030298F /* Info.plist */ = {isa = PBXFileReference; lastKnownFileType = text.plist.xml; path = Info.plist; sourceTree = "<group>"; };
		2B1C81F2245678760030298F /* SO 61449278Tests.xctest */ = {isa = PBXFileReference; explicitFileType = wrapper.cfbundle; includeInIndex = 0; path = "SO 61449278Tests.xctest"; sourceTree = BUILT_PRODUCTS_DIR; };
		2B1C81F6245678760030298F /* SO_61449278Tests.swift */ = {isa = PBXFileReference; lastKnownFileType = sourcecode.swift; path = SO_61449278Tests.swift; sourceTree = "<group>"; };
		2B1C81F8245678760030298F /* Info.plist */ = {isa = PBXFileReference; lastKnownFileType = text.plist.xml; path = Info.plist; sourceTree = "<group>"; };
		2B1C8201245678C30030298F /* WeatherData.swift */ = {isa = PBXFileReference; lastKnownFileType = sourcecode.swift; path = WeatherData.swift; sourceTree = "<group>"; };
		2B1C8203245678F20030298F /* WeatherDataProtocol.swift */ = {isa = PBXFileReference; lastKnownFileType = sourcecode.swift; path = WeatherDataProtocol.swift; sourceTree = "<group>"; };
/* End PBXFileReference section */

/* Begin PBXFrameworksBuildPhase section */
		2B1C81D9245678750030298F /* Frameworks */ = {
			isa = PBXFrameworksBuildPhase;
			buildActionMask = 2147483647;
			files = (
			);
			runOnlyForDeploymentPostprocessing = 0;
		};
		2B1C81EF245678760030298F /* Frameworks */ = {
			isa = PBXFrameworksBuildPhase;
			buildActionMask = 2147483647;
			files = (
			);
			runOnlyForDeploymentPostprocessing = 0;
		};
/* End PBXFrameworksBuildPhase section */

/* Begin PBXGroup section */
		2B1C81D3245678750030298F = {
			isa = PBXGroup;
			children = (
				2B1C81DE245678750030298F /* SO 61449278 */,
				2B1C81F5245678760030298F /* SO 61449278Tests */,
				2B1C81DD245678750030298F /* Products */,
			);
			sourceTree = "<group>";
		};
		2B1C81DD245678750030298F /* Products */ = {
			isa = PBXGroup;
			children = (
				2B1C81DC245678750030298F /* SO 61449278.app */,
				2B1C81F2245678760030298F /* SO 61449278Tests.xctest */,
			);
			name = Products;
			sourceTree = "<group>";
		};
		2B1C81DE245678750030298F /* SO 61449278 */ = {
			isa = PBXGroup;
			children = (
				2B1C81DF245678750030298F /* AppDelegate.swift */,
				2B1C81E1245678750030298F /* SceneDelegate.swift */,
				2B1C81E3245678750030298F /* ViewController.swift */,
				2B1C81E5245678750030298F /* Main.storyboard */,
				2B1C81E8245678760030298F /* Assets.xcassets */,
				2B1C81EA245678760030298F /* LaunchScreen.storyboard */,
				2B1C81ED245678760030298F /* Info.plist */,
				2B1C8201245678C30030298F /* WeatherData.swift */,
				2B1C8203245678F20030298F /* WeatherDataProtocol.swift */,
			);
			path = "SO 61449278";
			sourceTree = "<group>";
		};
		2B1C81F5245678760030298F /* SO 61449278Tests */ = {
			isa = PBXGroup;
			children = (
				2B1C81F6245678760030298F /* SO_61449278Tests.swift */,
				2B1C81F8245678760030298F /* Info.plist */,
			);
			path = "SO 61449278Tests";
			sourceTree = "<group>";
		};
/* End PBXGroup section */

/* Begin PBXNativeTarget section */
		2B1C81DB245678750030298F /* SO 61449278 */ = {
			isa = PBXNativeTarget;
			buildConfigurationList = 2B1C81FB245678760030298F /* Build configuration list for PBXNativeTarget "SO 61449278" */;
			buildPhases = (
				2B1C81D8245678750030298F /* Sources */,
				2B1C81D9245678750030298F /* Frameworks */,
				2B1C81DA245678750030298F /* Resources */,
			);
			buildRules = (
			);
			dependencies = (
			);
			name = "SO 61449278";
			productName = "SO 61449278";
			productReference = 2B1C81DC245678750030298F /* SO 61449278.app */;
			productType = "com.apple.product-type.application";
		};
		2B1C81F1245678760030298F /* SO 61449278Tests */ = {
			isa = PBXNativeTarget;
			buildConfigurationList = 2B1C81FE245678760030298F /* Build configuration list for PBXNativeTarget "SO 61449278Tests" */;
			buildPhases = (
				2B1C81EE245678760030298F /* Sources */,
				2B1C81EF245678760030298F /* Frameworks */,
				2B1C81F0245678760030298F /* Resources */,
			);
			buildRules = (
			);
			dependencies = (
				2B1C81F4245678760030298F /* PBXTargetDependency */,
			);
			name = "SO 61449278Tests";
			productName = "SO 61449278Tests";
			productReference = 2B1C81F2245678760030298F /* SO 61449278Tests.xctest */;
			productType = "com.apple.product-type.bundle.unit-test";
		};
/* End PBXNativeTarget section */

/* Begin PBXProject section */
		2B1C81D4245678750030298F /* Project object */ = {
			isa = PBXProject;
			attributes = {
				LastSwiftUpdateCheck = 1140;
				LastUpgradeCheck = 1140;
				ORGANIZATIONNAME = iCyrman;
				TargetAttributes = {
					2B1C81DB245678750030298F = {
						CreatedOnToolsVersion = 11.4.1;
					};
					2B1C81F1245678760030298F = {
						CreatedOnToolsVersion = 11.4.1;
						TestTargetID = 2B1C81DB245678750030298F;
					};
				};
			};
			buildConfigurationList = 2B1C81D7245678750030298F /* Build configuration list for PBXProject "SO 61449278" */;
			compatibilityVersion = "Xcode 9.3";
			developmentRegion = en;
			hasScannedForEncodings = 0;
			knownRegions = (
				en,
				Base,
			);
			mainGroup = 2B1C81D3245678750030298F;
			productRefGroup = 2B1C81DD245678750030298F /* Products */;
			projectDirPath = "";
			projectRoot = "";
			targets = (
				2B1C81DB245678750030298F /* SO 61449278 */,
				2B1C81F1245678760030298F /* SO 61449278Tests */,
			);
		};
/* End PBXProject section */

/* Begin PBXResourcesBuildPhase section */
		2B1C81DA245678750030298F /* Resources */ = {
			isa = PBXResourcesBuildPhase;
			buildActionMask = 2147483647;
			files = (
				2B1C81EC245678760030298F /* LaunchScreen.storyboard in Resources */,
				2B1C81E9245678760030298F /* Assets.xcassets in Resources */,
				2B1C81E7245678750030298F /* Main.storyboard in Resources */,
			);
			runOnlyForDeploymentPostprocessing = 0;
		};
		2B1C81F0245678760030298F /* Resources */ = {
			isa = PBXResourcesBuildPhase;
			buildActionMask = 2147483647;
			files = (
			);
			runOnlyForDeploymentPostprocessing = 0;
		};
/* End PBXResourcesBuildPhase section */

/* Begin PBXSourcesBuildPhase section */
		2B1C81D8245678750030298F /* Sources */ = {
			isa = PBXSourcesBuildPhase;
			buildActionMask = 2147483647;
			files = (
				2B1C8204245678F20030298F /* WeatherDataProtocol.swift in Sources */,
				2B1C81E4245678750030298F /* ViewController.swift in Sources */,
				2B1C81E0245678750030298F /* AppDelegate.swift in Sources */,
				2B1C8202245678C30030298F /* WeatherData.swift in Sources */,
				2B1C81E2245678750030298F /* SceneDelegate.swift in Sources */,
			);
			runOnlyForDeploymentPostprocessing = 0;
		};
		2B1C81EE245678760030298F /* Sources */ = {
			isa = PBXSourcesBuildPhase;
			buildActionMask = 2147483647;
			files = (
				2B1C81F7245678760030298F /* SO_61449278Tests.swift in Sources */,
			);
			runOnlyForDeploymentPostprocessing = 0;
		};
/* End PBXSourcesBuildPhase section */

/* Begin PBXTargetDependency section */
		2B1C81F4245678760030298F /* PBXTargetDependency */ = {
			isa = PBXTargetDependency;
			target = 2B1C81DB245678750030298F /* SO 61449278 */;
			targetProxy = 2B1C81F3245678760030298F /* PBXContainerItemProxy */;
		};
/* End PBXTargetDependency section */

/* Begin PBXVariantGroup section */
		2B1C81E5245678750030298F /* Main.storyboard */ = {
			isa = PBXVariantGroup;
			children = (
				2B1C81E6245678750030298F /* Base */,
			);
			name = Main.storyboard;
			sourceTree = "<group>";
		};
		2B1C81EA245678760030298F /* LaunchScreen.storyboard */ = {
			isa = PBXVariantGroup;
			children = (
				2B1C81EB245678760030298F /* Base */,
			);
			name = LaunchScreen.storyboard;
			sourceTree = "<group>";
		};
/* End PBXVariantGroup section */

/* Begin XCBuildConfiguration section */
		2B1C81F9245678760030298F /* Debug */ = {
			isa = XCBuildConfiguration;
			buildSettings = {
				ALWAYS_SEARCH_USER_PATHS = NO;
				CLANG_ANALYZER_NONNULL = YES;
				CLANG_ANALYZER_NUMBER_OBJECT_CONVERSION = YES_AGGRESSIVE;
				CLANG_CXX_LANGUAGE_STANDARD = "gnu++14";
				CLANG_CXX_LIBRARY = "libc++";
				CLANG_ENABLE_MODULES = YES;
				CLANG_ENABLE_OBJC_ARC = YES;
				CLANG_ENABLE_OBJC_WEAK = YES;
				CLANG_WARN_BLOCK_CAPTURE_AUTORELEASING = YES;
				CLANG_WARN_BOOL_CONVERSION = YES;
				CLANG_WARN_COMMA = YES;
				CLANG_WARN_CONSTANT_CONVERSION = YES;
				CLANG_WARN_DEPRECATED_OBJC_IMPLEMENTATIONS = YES;
				CLANG_WARN_DIRECT_OBJC_ISA_USAGE = YES_ERROR;
				CLANG_WARN_DOCUMENTATION_COMMENTS = YES;
				CLANG_WARN_EMPTY_BODY = YES;
				CLANG_WARN_ENUM_CONVERSION = YES;
				CLANG_WARN_INFINITE_RECURSION = YES;
				CLANG_WARN_INT_CONVERSION = YES;
				CLANG_WARN_NON_LITERAL_NULL_CONVERSION = YES;
				CLANG_WARN_OBJC_IMPLICIT_RETAIN_SELF = YES;
				CLANG_WARN_OBJC_LITERAL_CONVERSION = YES;
				CLANG_WARN_OBJC_ROOT_CLASS = YES_ERROR;
				CLANG_WARN_RANGE_LOOP_ANALYSIS = YES;
				CLANG_WARN_STRICT_PROTOTYPES = YES;
				CLANG_WARN_SUSPICIOUS_MOVE = YES;
				CLANG_WARN_UNGUARDED_AVAILABILITY = YES_AGGRESSIVE;
				CLANG_WARN_UNREACHABLE_CODE = YES;
				CLANG_WARN__DUPLICATE_METHOD_MATCH = YES;
				COPY_PHASE_STRIP = NO;
				DEBUG_INFORMATION_FORMAT = dwarf;
				ENABLE_STRICT_OBJC_MSGSEND = YES;
				ENABLE_TESTABILITY = YES;
				GCC_C_LANGUAGE_STANDARD = gnu11;
				GCC_DYNAMIC_NO_PIC = NO;
				GCC_NO_COMMON_BLOCKS = YES;
				GCC_OPTIMIZATION_LEVEL = 0;
				GCC_PREPROCESSOR_DEFINITIONS = (
					"DEBUG=1",
					"$(inherited)",
				);
				GCC_WARN_64_TO_32_BIT_CONVERSION = YES;
				GCC_WARN_ABOUT_RETURN_TYPE = YES_ERROR;
				GCC_WARN_UNDECLARED_SELECTOR = YES;
				GCC_WARN_UNINITIALIZED_AUTOS = YES_AGGRESSIVE;
				GCC_WARN_UNUSED_FUNCTION = YES;
				GCC_WARN_UNUSED_VARIABLE = YES;
				IPHONEOS_DEPLOYMENT_TARGET = 13.4;
				MTL_ENABLE_DEBUG_INFO = INCLUDE_SOURCE;
				MTL_FAST_MATH = YES;
				ONLY_ACTIVE_ARCH = YES;
				SDKROOT = iphoneos;
				SWIFT_ACTIVE_COMPILATION_CONDITIONS = DEBUG;
				SWIFT_OPTIMIZATION_LEVEL = "-Onone";
			};
			name = Debug;
		};
		2B1C81FA245678760030298F /* Release */ = {
			isa = XCBuildConfiguration;
			buildSettings = {
				ALWAYS_SEARCH_USER_PATHS = NO;
				CLANG_ANALYZER_NONNULL = YES;
				CLANG_ANALYZER_NUMBER_OBJECT_CONVERSION = YES_AGGRESSIVE;
				CLANG_CXX_LANGUAGE_STANDARD = "gnu++14";
				CLANG_CXX_LIBRARY = "libc++";
				CLANG_ENABLE_MODULES = YES;
				CLANG_ENABLE_OBJC_ARC = YES;
				CLANG_ENABLE_OBJC_WEAK = YES;
				CLANG_WARN_BLOCK_CAPTURE_AUTORELEASING = YES;
				CLANG_WARN_BOOL_CONVERSION = YES;
				CLANG_WARN_COMMA = YES;
				CLANG_WARN_CONSTANT_CONVERSION = YES;
				CLANG_WARN_DEPRECATED_OBJC_IMPLEMENTATIONS = YES;
				CLANG_WARN_DIRECT_OBJC_ISA_USAGE = YES_ERROR;
				CLANG_WARN_DOCUMENTATION_COMMENTS = YES;
				CLANG_WARN_EMPTY_BODY = YES;
				CLANG_WARN_ENUM_CONVERSION = YES;
				CLANG_WARN_INFINITE_RECURSION = YES;
				CLANG_WARN_INT_CONVERSION = YES;
				CLANG_WARN_NON_LITERAL_NULL_CONVERSION = YES;
				CLANG_WARN_OBJC_IMPLICIT_RETAIN_SELF = YES;
				CLANG_WARN_OBJC_LITERAL_CONVERSION = YES;
				CLANG_WARN_OBJC_ROOT_CLASS = YES_ERROR;
				CLANG_WARN_RANGE_LOOP_ANALYSIS = YES;
				CLANG_WARN_STRICT_PROTOTYPES = YES;
				CLANG_WARN_SUSPICIOUS_MOVE = YES;
				CLANG_WARN_UNGUARDED_AVAILABILITY = YES_AGGRESSIVE;
				CLANG_WARN_UNREACHABLE_CODE = YES;
				CLANG_WARN__DUPLICATE_METHOD_MATCH = YES;
				COPY_PHASE_STRIP = NO;
				DEBUG_INFORMATION_FORMAT = "dwarf-with-dsym";
				ENABLE_NS_ASSERTIONS = NO;
				ENABLE_STRICT_OBJC_MSGSEND = YES;
				GCC_C_LANGUAGE_STANDARD = gnu11;
				GCC_NO_COMMON_BLOCKS = YES;
				GCC_WARN_64_TO_32_BIT_CONVERSION = YES;
				GCC_WARN_ABOUT_RETURN_TYPE = YES_ERROR;
				GCC_WARN_UNDECLARED_SELECTOR = YES;
				GCC_WARN_UNINITIALIZED_AUTOS = YES_AGGRESSIVE;
				GCC_WARN_UNUSED_FUNCTION = YES;
				GCC_WARN_UNUSED_VARIABLE = YES;
				IPHONEOS_DEPLOYMENT_TARGET = 13.4;
				MTL_ENABLE_DEBUG_INFO = NO;
				MTL_FAST_MATH = YES;
				SDKROOT = iphoneos;
				SWIFT_COMPILATION_MODE = wholemodule;
				SWIFT_OPTIMIZATION_LEVEL = "-O";
				VALIDATE_PRODUCT = YES;
			};
			name = Release;
		};
		2B1C81FC245678760030298F /* Debug */ = {
			isa = XCBuildConfiguration;
			buildSettings = {
				ASSETCATALOG_COMPILER_APPICON_NAME = AppIcon;
				CODE_SIGN_STYLE = Automatic;
				DEVELOPMENT_TEAM = 3Y6GRLLJ38;
				INFOPLIST_FILE = "SO 61449278/Info.plist";
				LD_RUNPATH_SEARCH_PATHS = (
					"$(inherited)",
					"@executable_path/Frameworks",
				);
				PRODUCT_BUNDLE_IDENTIFIER = "com.iCyrman.SO-61449278";
				PRODUCT_NAME = "$(TARGET_NAME)";
				SWIFT_VERSION = 5.0;
				TARGETED_DEVICE_FAMILY = "1,2";
			};
			name = Debug;
		};
		2B1C81FD245678760030298F /* Release */ = {
			isa = XCBuildConfiguration;
			buildSettings = {
				ASSETCATALOG_COMPILER_APPICON_NAME = AppIcon;
				CODE_SIGN_STYLE = Automatic;
				DEVELOPMENT_TEAM = 3Y6GRLLJ38;
				INFOPLIST_FILE = "SO 61449278/Info.plist";
				LD_RUNPATH_SEARCH_PATHS = (
					"$(inherited)",
					"@executable_path/Frameworks",
				);
				PRODUCT_BUNDLE_IDENTIFIER = "com.iCyrman.SO-61449278";
				PRODUCT_NAME = "$(TARGET_NAME)";
				SWIFT_VERSION = 5.0;
				TARGETED_DEVICE_FAMILY = "1,2";
			};
			name = Release;
		};
		2B1C81FF245678760030298F /* Debug */ = {
			isa = XCBuildConfiguration;
			buildSettings = {
				ALWAYS_EMBED_SWIFT_STANDARD_LIBRARIES = YES;
				BUNDLE_LOADER = "$(TEST_HOST)";
				CODE_SIGN_STYLE = Automatic;
				DEVELOPMENT_TEAM = 3Y6GRLLJ38;
				INFOPLIST_FILE = "SO 61449278Tests/Info.plist";
				IPHONEOS_DEPLOYMENT_TARGET = 13.4;
				LD_RUNPATH_SEARCH_PATHS = (
					"$(inherited)",
					"@executable_path/Frameworks",
					"@loader_path/Frameworks",
				);
				PRODUCT_BUNDLE_IDENTIFIER = "com.iCyrman.SO-61449278Tests";
				PRODUCT_NAME = "$(TARGET_NAME)";
				SWIFT_VERSION = 5.0;
				TARGETED_DEVICE_FAMILY = "1,2";
				TEST_HOST = "$(BUILT_PRODUCTS_DIR)/SO 61449278.app/SO 61449278";
			};
			name = Debug;
		};
		2B1C8200245678760030298F /* Release */ = {
			isa = XCBuildConfiguration;
			buildSettings = {
				ALWAYS_EMBED_SWIFT_STANDARD_LIBRARIES = YES;
				BUNDLE_LOADER = "$(TEST_HOST)";
				CODE_SIGN_STYLE = Automatic;
				DEVELOPMENT_TEAM = 3Y6GRLLJ38;
				INFOPLIST_FILE = "SO 61449278Tests/Info.plist";
				IPHONEOS_DEPLOYMENT_TARGET = 13.4;
				LD_RUNPATH_SEARCH_PATHS = (
					"$(inherited)",
					"@executable_path/Frameworks",
					"@loader_path/Frameworks",
				);
				PRODUCT_BUNDLE_IDENTIFIER = "com.iCyrman.SO-61449278Tests";
				PRODUCT_NAME = "$(TARGET_NAME)";
				SWIFT_VERSION = 5.0;
				TARGETED_DEVICE_FAMILY = "1,2";
				TEST_HOST = "$(BUILT_PRODUCTS_DIR)/SO 61449278.app/SO 61449278";
			};
			name = Release;
		};
/* End XCBuildConfiguration section */

/* Begin XCConfigurationList section */
		2B1C81D7245678750030298F /* Build configuration list for PBXProject "SO 61449278" */ = {
			isa = XCConfigurationList;
			buildConfigurations = (
				2B1C81F9245678760030298F /* Debug */,
				2B1C81FA245678760030298F /* Release */,
			);
			defaultConfigurationIsVisible = 0;
			defaultConfigurationName = Release;
		};
		2B1C81FB245678760030298F /* Build configuration list for PBXNativeTarget "SO 61449278" */ = {
			isa = XCConfigurationList;
			buildConfigurations = (
				2B1C81FC245678760030298F /* Debug */,
				2B1C81FD245678760030298F /* Release */,
			);
			defaultConfigurationIsVisible = 0;
			defaultConfigurationName = Release;
		};
		2B1C81FE245678760030298F /* Build configuration list for PBXNativeTarget "SO 61449278Tests" */ = {
			isa = XCConfigurationList;
			buildConfigurations = (
				2B1C81FF245678760030298F /* Debug */,
				2B1C8200245678760030298F /* Release */,
			);
			defaultConfigurationIsVisible = 0;
			defaultConfigurationName = Release;
		};
/* End XCConfigurationList section */
	};
	rootObject = 2B1C81D4245678750030298F /* Project object */;
}
